
Microsoft Visual Studio Solution File, Format Version 12.00
# Visual Studio Version 17
VisualStudioVersion = 17.8.34112.27
MinimumVisualStudioVersion = 10.0.40219.1
Project("{FAE04EC0-301F-11D3-BF4B-00C04F79EFBC}") = "01_MainSubjects", "01_MainSubjects\01_MainSubjects.csproj", "{EF19F5DF-29CB-40D4-915B-E0C4CC024E01}"
EndProject
Project("{FAE04EC0-301F-11D3-BF4B-00C04F79EFBC}") = "02_Variables", "02_Variables\02_Variables.csproj", "{3C1590D2-1E88-4A3E-AED7-4F8FD9040A85}"
EndProject
Project("{FAE04EC0-301F-11D3-BF4B-00C04F79EFBC}") = "03_MakingDecision", "03_MakingDecision\03_MakingDecision.csproj", "{7A45C871-394C-4AB6-AD53-BDAA0D1ABFAC}"
EndProject
Project("{FAE04EC0-301F-11D3-BF4B-00C04F79EFBC}") = "04_Loops", "04_Loops\04_Loops.csproj", "{33819032-B93E-4F29-87F8-E2B5420BC38C}"
EndProject
Project("{FAE04EC0-301F-11D3-BF4B-00C04F79EFBC}") = "05_LoopsWithStars", "05_LoopsWithStars\05_LoopsWithStars.csproj", "{131F9F9B-F782-43FA-9BD0-F84C73665D00}"
EndProject
Project("{FAE04EC0-301F-11D3-BF4B-00C04F79EFBC}") = "06_Arrays", "06_Arrays\06_Arrays.csproj", "{950AB965-A7DE-456A-A19F-13C6D4D90DD7}"
EndProject
Project("{FAE04EC0-301F-11D3-BF4B-00C04F79EFBC}") = "07_ForeachLoop", "07_ForeachLoop\07_ForeachLoop.csproj", "{32CB0DA6-5855-4840-BB2C-B8B0D2AC9A87}"
EndProject
Project("{FAE04EC0-301F-11D3-BF4B-00C04F79EFBC}") = "08_Methods", "08_Methods\08_Methods.csproj", "{6346FB0A-D8B7-45C9-B031-734DDF1EEA90}"
EndProject
Project("{2150E333-8FDC-42A3-9474-1A3956D46DE8}") = "Solution Items", "Solution Items", "{1F1884FB-5759-4196-9E3B-C39033E1C5E1}"
	ProjectSection(SolutionItems) = preProject
		README.md = README.md
	EndProjectSection
EndProject
Project("{FAE04EC0-301F-11D3-BF4B-00C04F79EFBC}") = "09_DatabaseProject", "09_DatabaseProject\09_DatabaseProject.csproj", "{721E7651-55FD-4965-8358-1FF1A08031B4}"
EndProject
Project("{FAE04EC0-301F-11D3-BF4B-00C04F79EFBC}") = "10_DatabaseCrud", "10_DatabaseCrud\10_DatabaseCrud.csproj", "{958DC3FA-C593-4E3C-A143-0FEF7A7944FE}"
EndProject
Global
	GlobalSection(SolutionConfigurationPlatforms) = preSolution
		Debug|Any CPU = Debug|Any CPU
		Release|Any CPU = Release|Any CPU
	EndGlobalSection
	GlobalSection(ProjectConfigurationPlatforms) = postSolution
		{EF19F5DF-29CB-40D4-915B-E0C4CC024E01}.Debug|Any CPU.ActiveCfg = Debug|Any CPU
		{EF19F5DF-29CB-40D4-915B-E0C4CC024E01}.Debug|Any CPU.Build.0 = Debug|Any CPU
		{EF19F5DF-29CB-40D4-915B-E0C4CC024E01}.Release|Any CPU.ActiveCfg = Release|Any CPU
		{EF19F5DF-29CB-40D4-915B-E0C4CC024E01}.Release|Any CPU.Build.0 = Release|Any CPU
		{3C1590D2-1E88-4A3E-AED7-4F8FD9040A85}.Debug|Any CPU.ActiveCfg = Debug|Any CPU
		{3C1590D2-1E88-4A3E-AED7-4F8FD9040A85}.Debug|Any CPU.Build.0 = Debug|Any CPU
		{3C1590D2-1E88-4A3E-AED7-4F8FD9040A85}.Release|Any CPU.ActiveCfg = Release|Any CPU
		{3C1590D2-1E88-4A3E-AED7-4F8FD9040A85}.Release|Any CPU.Build.0 = Release|Any CPU
		{7A45C871-394C-4AB6-AD53-BDAA0D1ABFAC}.Debug|Any CPU.ActiveCfg = Debug|Any CPU
		{7A45C871-394C-4AB6-AD53-BDAA0D1ABFAC}.Debug|Any CPU.Build.0 = Debug|Any CPU
		{7A45C871-394C-4AB6-AD53-BDAA0D1ABFAC}.Release|Any CPU.ActiveCfg = Release|Any CPU
		{7A45C871-394C-4AB6-AD53-BDAA0D1ABFAC}.Release|Any CPU.Build.0 = Release|Any CPU
		{33819032-B93E-4F29-87F8-E2B5420BC38C}.Debug|Any CPU.ActiveCfg = Debug|Any CPU
		{33819032-B93E-4F29-87F8-E2B5420BC38C}.Debug|Any CPU.Build.0 = Debug|Any CPU
		{33819032-B93E-4F29-87F8-E2B5420BC38C}.Release|Any CPU.ActiveCfg = Release|Any CPU
		{33819032-B93E-4F29-87F8-E2B5420BC38C}.Release|Any CPU.Build.0 = Release|Any CPU
		{131F9F9B-F782-43FA-9BD0-F84C73665D00}.Debug|Any CPU.ActiveCfg = Debug|Any CPU
		{131F9F9B-F782-43FA-9BD0-F84C73665D00}.Debug|Any CPU.Build.0 = Debug|Any CPU
		{131F9F9B-F782-43FA-9BD0-F84C73665D00}.Release|Any CPU.ActiveCfg = Release|Any CPU
		{131F9F9B-F782-43FA-9BD0-F84C73665D00}.Release|Any CPU.Build.0 = Release|Any CPU
		{950AB965-A7DE-456A-A19F-13C6D4D90DD7}.Debug|Any CPU.ActiveCfg = Debug|Any CPU
		{950AB965-A7DE-456A-A19F-13C6D4D90DD7}.Debug|Any CPU.Build.0 = Debug|Any CPU
		{950AB965-A7DE-456A-A19F-13C6D4D90DD7}.Release|Any CPU.ActiveCfg = Release|Any CPU
		{950AB965-A7DE-456A-A19F-13C6D4D90DD7}.Release|Any CPU.Build.0 = Release|Any CPU
		{32CB0DA6-5855-4840-BB2C-B8B0D2AC9A87}.Debug|Any CPU.ActiveCfg = Debug|Any CPU
		{32CB0DA6-5855-4840-BB2C-B8B0D2AC9A87}.Debug|Any CPU.Build.0 = Debug|Any CPU
		{32CB0DA6-5855-4840-BB2C-B8B0D2AC9A87}.Release|Any CPU.ActiveCfg = Release|Any CPU
		{32CB0DA6-5855-4840-BB2C-B8B0D2AC9A87}.Release|Any CPU.Build.0 = Release|Any CPU
		{6346FB0A-D8B7-45C9-B031-734DDF1EEA90}.Debug|Any CPU.ActiveCfg = Debug|Any CPU
		{6346FB0A-D8B7-45C9-B031-734DDF1EEA90}.Debug|Any CPU.Build.0 = Debug|Any CPU
		{6346FB0A-D8B7-45C9-B031-734DDF1EEA90}.Release|Any CPU.ActiveCfg = Release|Any CPU
		{6346FB0A-D8B7-45C9-B031-734DDF1EEA90}.Release|Any CPU.Build.0 = Release|Any CPU
		{721E7651-55FD-4965-8358-1FF1A08031B4}.Debug|Any CPU.ActiveCfg = Debug|Any CPU
		{721E7651-55FD-4965-8358-1FF1A08031B4}.Debug|Any CPU.Build.0 = Debug|Any CPU
		{721E7651-55FD-4965-8358-1FF1A08031B4}.Release|Any CPU.ActiveCfg = Release|Any CPU
		{721E7651-55FD-4965-8358-1FF1A08031B4}.Release|Any CPU.Build.0 = Release|Any CPU
		{958DC3FA-C593-4E3C-A143-0FEF7A7944FE}.Debug|Any CPU.ActiveCfg = Debug|Any CPU
		{958DC3FA-C593-4E3C-A143-0FEF7A7944FE}.Debug|Any CPU.Build.0 = Debug|Any CPU
		{958DC3FA-C593-4E3C-A143-0FEF7A7944FE}.Release|Any CPU.ActiveCfg = Release|Any CPU
		{958DC3FA-C593-4E3C-A143-0FEF7A7944FE}.Release|Any CPU.Build.0 = Release|Any CPU
	EndGlobalSection
	GlobalSection(SolutionProperties) = preSolution
		HideSolutionNode = FALSE
	EndGlobalSection
	GlobalSection(ExtensibilityGlobals) = postSolution
		SolutionGuid = {C0CB975E-EE11-4323-BB20-0D9E29EE19FD}
	EndGlobalSection
EndGlobal
